
Microsoft Visual Studio Solution File, Format Version 12.00
# Visual Studio 14
VisualStudioVersion = 14.0.25123.0
MinimumVisualStudioVersion = 10.0.40219.1
Project("{FAE04EC0-301F-11D3-BF4B-00C04F79EFBC}") = "Rattle.Server.Host", "Rattle.Server.Host\Rattle.Server.Host.csproj", "{58FE4021-90E3-4399-BC1B-B05C915C0509}"
EndProject
Project("{2150E333-8FDC-42A3-9474-1A3956D46DE8}") = "Web", "Web", "{8A435FD7-C0D4-4FDB-90BB-4CE295825EAA}"
EndProject
Project("{FAE04EC0-301F-11D3-BF4B-00C04F79EFBC}") = "Rattle.Core", "Rattle.Core\Rattle.Core.csproj", "{C6C26A3A-7E91-44ED-AAC3-1080236543CC}"
EndProject
Project("{FAE04EC0-301F-11D3-BF4B-00C04F79EFBC}") = "Rattle.Infrastructure", "Rattle.Infrastructure\Rattle.Infrastructure.csproj", "{628C0A57-668E-46D4-87F2-99CD90A5BCF6}"
EndProject
Project("{FAE04EC0-301F-11D3-BF4B-00C04F79EFBC}") = "Rattle.Domain", "Rattle.Domain\Rattle.Domain.csproj", "{F7E3D441-B16A-43A9-B356-942CF7F09E5B}"
EndProject
Project("{2150E333-8FDC-42A3-9474-1A3956D46DE8}") = "Tests", "Tests", "{2622623F-E467-4CF4-A95F-46318B7405AE}"
EndProject
Project("{FAE04EC0-301F-11D3-BF4B-00C04F79EFBC}") = "Rattle.Tests", "Rattle.Tests\Rattle.Tests.csproj", "{0DCE3C06-5CF5-4C49-B148-B4E2283A897D}"
EndProject
Project("{2150E333-8FDC-42A3-9474-1A3956D46DE8}") = "Services", "Services", "{DAC5176E-CF87-4DB4-8F99-45388FEBF9D6}"
EndProject
Project("{2150E333-8FDC-42A3-9474-1A3956D46DE8}") = "UserManagement", "UserManagement", "{D0812452-8230-4D7B-AF83-22607355720E}"
EndProject
Project("{FAE04EC0-301F-11D3-BF4B-00C04F79EFBC}") = "Rattle.UserManagement", "Rattle.UserManagement\Rattle.UserManagement.csproj", "{5E1BC72B-9ACB-49B9-834E-C85397E63DAD}"
EndProject
Project("{FAE04EC0-301F-11D3-BF4B-00C04F79EFBC}") = "Rattle.UserManagement.Domain", "Rattle.UserManagement.Domain\Rattle.UserManagement.Domain.csproj", "{2AF5D9E8-34D8-44E9-B5BD-4CC0079CECF0}"
EndProject
Project("{FAE04EC0-301F-11D3-BF4B-00C04F79EFBC}") = "Rattle.UserManagement.Contracts", "Rattle.UserManagement.Contracts\Rattle.UserManagement.Contracts.csproj", "{C119D4C5-DA0D-4022-BCAE-5E2AB6B9D00B}"
EndProject
Global
	GlobalSection(SolutionConfigurationPlatforms) = preSolution
		Debug|Any CPU = Debug|Any CPU
		Release|Any CPU = Release|Any CPU
	EndGlobalSection
	GlobalSection(ProjectConfigurationPlatforms) = postSolution
		{58FE4021-90E3-4399-BC1B-B05C915C0509}.Debug|Any CPU.ActiveCfg = Debug|Any CPU
		{58FE4021-90E3-4399-BC1B-B05C915C0509}.Debug|Any CPU.Build.0 = Debug|Any CPU
		{58FE4021-90E3-4399-BC1B-B05C915C0509}.Release|Any CPU.ActiveCfg = Release|Any CPU
		{58FE4021-90E3-4399-BC1B-B05C915C0509}.Release|Any CPU.Build.0 = Release|Any CPU
		{C6C26A3A-7E91-44ED-AAC3-1080236543CC}.Debug|Any CPU.ActiveCfg = Debug|Any CPU
		{C6C26A3A-7E91-44ED-AAC3-1080236543CC}.Debug|Any CPU.Build.0 = Debug|Any CPU
		{C6C26A3A-7E91-44ED-AAC3-1080236543CC}.Release|Any CPU.ActiveCfg = Release|Any CPU
		{C6C26A3A-7E91-44ED-AAC3-1080236543CC}.Release|Any CPU.Build.0 = Release|Any CPU
		{628C0A57-668E-46D4-87F2-99CD90A5BCF6}.Debug|Any CPU.ActiveCfg = Debug|Any CPU
		{628C0A57-668E-46D4-87F2-99CD90A5BCF6}.Debug|Any CPU.Build.0 = Debug|Any CPU
		{628C0A57-668E-46D4-87F2-99CD90A5BCF6}.Release|Any CPU.ActiveCfg = Release|Any CPU
		{628C0A57-668E-46D4-87F2-99CD90A5BCF6}.Release|Any CPU.Build.0 = Release|Any CPU
		{F7E3D441-B16A-43A9-B356-942CF7F09E5B}.Debug|Any CPU.ActiveCfg = Debug|Any CPU
		{F7E3D441-B16A-43A9-B356-942CF7F09E5B}.Debug|Any CPU.Build.0 = Debug|Any CPU
		{F7E3D441-B16A-43A9-B356-942CF7F09E5B}.Release|Any CPU.ActiveCfg = Release|Any CPU
		{F7E3D441-B16A-43A9-B356-942CF7F09E5B}.Release|Any CPU.Build.0 = Release|Any CPU
		{0DCE3C06-5CF5-4C49-B148-B4E2283A897D}.Debug|Any CPU.ActiveCfg = Debug|Any CPU
		{0DCE3C06-5CF5-4C49-B148-B4E2283A897D}.Debug|Any CPU.Build.0 = Debug|Any CPU
		{0DCE3C06-5CF5-4C49-B148-B4E2283A897D}.Release|Any CPU.ActiveCfg = Release|Any CPU
		{0DCE3C06-5CF5-4C49-B148-B4E2283A897D}.Release|Any CPU.Build.0 = Release|Any CPU
		{5E1BC72B-9ACB-49B9-834E-C85397E63DAD}.Debug|Any CPU.ActiveCfg = Debug|Any CPU
		{5E1BC72B-9ACB-49B9-834E-C85397E63DAD}.Debug|Any CPU.Build.0 = Debug|Any CPU
		{5E1BC72B-9ACB-49B9-834E-C85397E63DAD}.Release|Any CPU.ActiveCfg = Release|Any CPU
		{5E1BC72B-9ACB-49B9-834E-C85397E63DAD}.Release|Any CPU.Build.0 = Release|Any CPU
		{2AF5D9E8-34D8-44E9-B5BD-4CC0079CECF0}.Debug|Any CPU.ActiveCfg = Debug|Any CPU
		{2AF5D9E8-34D8-44E9-B5BD-4CC0079CECF0}.Debug|Any CPU.Build.0 = Debug|Any CPU
		{2AF5D9E8-34D8-44E9-B5BD-4CC0079CECF0}.Release|Any CPU.ActiveCfg = Release|Any CPU
		{2AF5D9E8-34D8-44E9-B5BD-4CC0079CECF0}.Release|Any CPU.Build.0 = Release|Any CPU
		{C119D4C5-DA0D-4022-BCAE-5E2AB6B9D00B}.Debug|Any CPU.ActiveCfg = Debug|Any CPU
		{C119D4C5-DA0D-4022-BCAE-5E2AB6B9D00B}.Debug|Any CPU.Build.0 = Debug|Any CPU
		{C119D4C5-DA0D-4022-BCAE-5E2AB6B9D00B}.Release|Any CPU.ActiveCfg = Release|Any CPU
		{C119D4C5-DA0D-4022-BCAE-5E2AB6B9D00B}.Release|Any CPU.Build.0 = Release|Any CPU
	EndGlobalSection
	GlobalSection(SolutionProperties) = preSolution
		HideSolutionNode = FALSE
	EndGlobalSection
	GlobalSection(NestedProjects) = preSolution
		{0DCE3C06-5CF5-4C49-B148-B4E2283A897D} = {2622623F-E467-4CF4-A95F-46318B7405AE}
		{D0812452-8230-4D7B-AF83-22607355720E} = {DAC5176E-CF87-4DB4-8F99-45388FEBF9D6}
		{5E1BC72B-9ACB-49B9-834E-C85397E63DAD} = {D0812452-8230-4D7B-AF83-22607355720E}
		{2AF5D9E8-34D8-44E9-B5BD-4CC0079CECF0} = {D0812452-8230-4D7B-AF83-22607355720E}
		{C119D4C5-DA0D-4022-BCAE-5E2AB6B9D00B} = {D0812452-8230-4D7B-AF83-22607355720E}
	EndGlobalSection
EndGlobal
