
Microsoft Visual Studio Solution File, Format Version 12.00
# Visual Studio 14
VisualStudioVersion = 14.0.25123.0
MinimumVisualStudioVersion = 10.0.40219.1
Project("{2150E333-8FDC-42A3-9474-1A3956D46DE8}") = "Web", "Web", "{E31794AF-B31D-4A5C-B42D-5D77134B3984}"
EndProject
Project("{8BB2217D-0F2D-49D1-97BC-3654ED321F3B}") = "Rattle.Web", "Rattle.Web\Rattle.Web.xproj", "{E26F01E0-AD78-4C7D-8735-D052937095EB}"
EndProject
Project("{2150E333-8FDC-42A3-9474-1A3956D46DE8}") = "AuthorizationServer", "AuthorizationServer", "{FB6BB429-F703-4BFE-B475-1BC973E0F8A8}"
EndProject
Project("{8BB2217D-0F2D-49D1-97BC-3654ED321F3B}") = "Rattle.OAuth", "Rattle.OAuth\Rattle.OAuth.xproj", "{F2967FCC-5A90-4D15-B286-4488DAE2F9C1}"
EndProject
Project("{2150E333-8FDC-42A3-9474-1A3956D46DE8}") = "Core", "Core", "{D9802878-91DF-4CC6-9C2F-A4D8A1DF6E3A}"
EndProject
Project("{2150E333-8FDC-42A3-9474-1A3956D46DE8}") = "Infrastructure", "Infrastructure", "{01042095-75F7-4176-928C-EA5F6312E765}"
EndProject
Project("{2150E333-8FDC-42A3-9474-1A3956D46DE8}") = "Solution Items", "Solution Items", "{E055D3A1-5AF6-41FE-8A33-6CD330975227}"
	ProjectSection(SolutionItems) = preProject
		global.json = global.json
	EndProjectSection
EndProject
Project("{FAE04EC0-301F-11D3-BF4B-00C04F79EFBC}") = "Rattle.Server.Host", "Rattle.Server.Host\Rattle.Server.Host.csproj", "{58FE4021-90E3-4399-BC1B-B05C915C0509}"
EndProject
Project("{FAE04EC0-301F-11D3-BF4B-00C04F79EFBC}") = "Rattle.Core", "Core\Rattle.Core\Rattle.Core.csproj", "{2AE16C0E-4B9D-4437-9F54-FD89DE064344}"
EndProject
Project("{FAE04EC0-301F-11D3-BF4B-00C04F79EFBC}") = "Rattle.Infrastructure", "Infrastructure\Rattle.Infrastructure\Rattle.Infrastructure.csproj", "{3DFDBB21-631F-40EE-862D-EB34CFCB67EC}"
EndProject
Global
	GlobalSection(SolutionConfigurationPlatforms) = preSolution
		Debug|Any CPU = Debug|Any CPU
		Release|Any CPU = Release|Any CPU
	EndGlobalSection
	GlobalSection(ProjectConfigurationPlatforms) = postSolution
		{E26F01E0-AD78-4C7D-8735-D052937095EB}.Debug|Any CPU.ActiveCfg = Debug|Any CPU
		{E26F01E0-AD78-4C7D-8735-D052937095EB}.Debug|Any CPU.Build.0 = Debug|Any CPU
		{E26F01E0-AD78-4C7D-8735-D052937095EB}.Release|Any CPU.ActiveCfg = Release|Any CPU
		{E26F01E0-AD78-4C7D-8735-D052937095EB}.Release|Any CPU.Build.0 = Release|Any CPU
		{F2967FCC-5A90-4D15-B286-4488DAE2F9C1}.Debug|Any CPU.ActiveCfg = Debug|Any CPU
		{F2967FCC-5A90-4D15-B286-4488DAE2F9C1}.Debug|Any CPU.Build.0 = Debug|Any CPU
		{F2967FCC-5A90-4D15-B286-4488DAE2F9C1}.Release|Any CPU.ActiveCfg = Release|Any CPU
		{F2967FCC-5A90-4D15-B286-4488DAE2F9C1}.Release|Any CPU.Build.0 = Release|Any CPU
		{58FE4021-90E3-4399-BC1B-B05C915C0509}.Debug|Any CPU.ActiveCfg = Debug|Any CPU
		{58FE4021-90E3-4399-BC1B-B05C915C0509}.Debug|Any CPU.Build.0 = Debug|Any CPU
		{58FE4021-90E3-4399-BC1B-B05C915C0509}.Release|Any CPU.ActiveCfg = Release|Any CPU
		{58FE4021-90E3-4399-BC1B-B05C915C0509}.Release|Any CPU.Build.0 = Release|Any CPU
		{2AE16C0E-4B9D-4437-9F54-FD89DE064344}.Debug|Any CPU.ActiveCfg = Debug|Any CPU
		{2AE16C0E-4B9D-4437-9F54-FD89DE064344}.Debug|Any CPU.Build.0 = Debug|Any CPU
		{2AE16C0E-4B9D-4437-9F54-FD89DE064344}.Release|Any CPU.ActiveCfg = Release|Any CPU
		{2AE16C0E-4B9D-4437-9F54-FD89DE064344}.Release|Any CPU.Build.0 = Release|Any CPU
		{3DFDBB21-631F-40EE-862D-EB34CFCB67EC}.Debug|Any CPU.ActiveCfg = Debug|Any CPU
		{3DFDBB21-631F-40EE-862D-EB34CFCB67EC}.Debug|Any CPU.Build.0 = Debug|Any CPU
		{3DFDBB21-631F-40EE-862D-EB34CFCB67EC}.Release|Any CPU.ActiveCfg = Release|Any CPU
		{3DFDBB21-631F-40EE-862D-EB34CFCB67EC}.Release|Any CPU.Build.0 = Release|Any CPU
	EndGlobalSection
	GlobalSection(SolutionProperties) = preSolution
		HideSolutionNode = FALSE
	EndGlobalSection
	GlobalSection(NestedProjects) = preSolution
		{E26F01E0-AD78-4C7D-8735-D052937095EB} = {E31794AF-B31D-4A5C-B42D-5D77134B3984}
		{F2967FCC-5A90-4D15-B286-4488DAE2F9C1} = {FB6BB429-F703-4BFE-B475-1BC973E0F8A8}
		{2AE16C0E-4B9D-4437-9F54-FD89DE064344} = {D9802878-91DF-4CC6-9C2F-A4D8A1DF6E3A}
		{3DFDBB21-631F-40EE-862D-EB34CFCB67EC} = {01042095-75F7-4176-928C-EA5F6312E765}
	EndGlobalSection
EndGlobal
